
Microsoft Visual Studio Solution File, Format Version 12.00
# Visual Studio Version 17
VisualStudioVersion = 17.3.32811.315
MinimumVisualStudioVersion = 10.0.40219.1
Project("{FAE04EC0-301F-11D3-BF4B-00C04F79EFBC}") = "RedisServiceExtension", "RedisServiceExtension\RedisServiceExtension.csproj", "{12FCED74-8A94-44E1-A799-61BC14176621}"
EndProject
Global
	GlobalSection(SolutionConfigurationPlatforms) = preSolution
		Debug|Any CPU = Debug|Any CPU
		Release|Any CPU = Release|Any CPU
	EndGlobalSection
	GlobalSection(ProjectConfigurationPlatforms) = postSolution
		{12FCED74-8A94-44E1-A799-61BC14176621}.Debug|Any CPU.ActiveCfg = Debug|Any CPU
		{12FCED74-8A94-44E1-A799-61BC14176621}.Debug|Any CPU.Build.0 = Debug|Any CPU
		{12FCED74-8A94-44E1-A799-61BC14176621}.Release|Any CPU.ActiveCfg = Release|Any CPU
		{12FCED74-8A94-44E1-A799-61BC14176621}.Release|Any CPU.Build.0 = Release|Any CPU
	EndGlobalSection
	GlobalSection(SolutionProperties) = preSolution
		HideSolutionNode = FALSE
	EndGlobalSection
	GlobalSection(ExtensibilityGlobals) = postSolution
		SolutionGuid = {7EF55620-982E-47CE-9E07-F08D7D5552CA}
	EndGlobalSection
EndGlobal
